
Microsoft Visual Studio Solution File, Format Version 12.00
# Visual Studio Version 16
VisualStudioVersion = 16.0.30907.101
MinimumVisualStudioVersion = 10.0.40219.1
Project("{888888A0-9F3D-457C-B088-3A5042F75D52}") = "monsterBank", "monsterBank\monsterBank.pyproj", "{F65B8E41-111C-4634-B168-3450A1954D47}"
EndProject
Global
	GlobalSection(SolutionConfigurationPlatforms) = preSolution
		Debug|Any CPU = Debug|Any CPU
		Release|Any CPU = Release|Any CPU
	EndGlobalSection
	GlobalSection(ProjectConfigurationPlatforms) = postSolution
		{F65B8E41-111C-4634-B168-3450A1954D47}.Debug|Any CPU.ActiveCfg = Debug|Any CPU
		{F65B8E41-111C-4634-B168-3450A1954D47}.Release|Any CPU.ActiveCfg = Release|Any CPU
	EndGlobalSection
	GlobalSection(SolutionProperties) = preSolution
		HideSolutionNode = FALSE
	EndGlobalSection
	GlobalSection(ExtensibilityGlobals) = postSolution
		SolutionGuid = {7469AB12-0FAD-4890-9A7D-DF3E0273FE71}
	EndGlobalSection
EndGlobal
